
Microsoft Visual Studio Solution File, Format Version 12.00
# Visual Studio Version 16
VisualStudioVersion = 16.0.30225.117
MinimumVisualStudioVersion = 10.0.40219.1
Project("{FAE04EC0-301F-11D3-BF4B-00C04F79EFBC}") = "BookmarkManager", "BookmarkManager\BookmarkManager.csproj", "{87B37265-4F6F-48BF-9048-6816DCA3E9C7}"
EndProject
Global
	GlobalSection(SolutionConfigurationPlatforms) = preSolution
		Debug|x86 = Debug|x86
		Release|x86 = Release|x86
	EndGlobalSection
	GlobalSection(ProjectConfigurationPlatforms) = postSolution
		{87B37265-4F6F-48BF-9048-6816DCA3E9C7}.Debug|x86.ActiveCfg = Debug|x86
		{87B37265-4F6F-48BF-9048-6816DCA3E9C7}.Debug|x86.Build.0 = Debug|x86
		{87B37265-4F6F-48BF-9048-6816DCA3E9C7}.Release|x86.ActiveCfg = Release|x86
		{87B37265-4F6F-48BF-9048-6816DCA3E9C7}.Release|x86.Build.0 = Release|x86
	EndGlobalSection
	GlobalSection(SolutionProperties) = preSolution
		HideSolutionNode = FALSE
	EndGlobalSection
	GlobalSection(ExtensibilityGlobals) = postSolution
		SolutionGuid = {6EA87804-A536-410F-BF35-FA75B9ABE154}
	EndGlobalSection
EndGlobal
